
Microsoft Visual Studio Solution File, Format Version 12.00
# Visual Studio Version 16
VisualStudioVersion = 16.0.30907.101
MinimumVisualStudioVersion = 10.0.40219.1
Project("{FAE04EC0-301F-11D3-BF4B-00C04F79EFBC}") = "Stok Takip Otomasyonu", "Stok Takip Otomasyonu\Stok Takip Otomasyonu.csproj", "{3CD78893-237E-46D0-AB4F-B42F2F45A1B5}"
EndProject
Global
	GlobalSection(SolutionConfigurationPlatforms) = preSolution
		Debug|Any CPU = Debug|Any CPU
		Release|Any CPU = Release|Any CPU
	EndGlobalSection
	GlobalSection(ProjectConfigurationPlatforms) = postSolution
		{3CD78893-237E-46D0-AB4F-B42F2F45A1B5}.Debug|Any CPU.ActiveCfg = Debug|Any CPU
		{3CD78893-237E-46D0-AB4F-B42F2F45A1B5}.Debug|Any CPU.Build.0 = Debug|Any CPU
		{3CD78893-237E-46D0-AB4F-B42F2F45A1B5}.Release|Any CPU.ActiveCfg = Release|Any CPU
		{3CD78893-237E-46D0-AB4F-B42F2F45A1B5}.Release|Any CPU.Build.0 = Release|Any CPU
	EndGlobalSection
	GlobalSection(SolutionProperties) = preSolution
		HideSolutionNode = FALSE
	EndGlobalSection
	GlobalSection(ExtensibilityGlobals) = postSolution
		SolutionGuid = {87224532-50D5-468E-968F-C75E9B05A501}
	EndGlobalSection
EndGlobal
