
Microsoft Visual Studio Solution File, Format Version 12.00
# Visual Studio Version 16
VisualStudioVersion = 16.0.31402.337
MinimumVisualStudioVersion = 10.0.40219.1
Project("{FAE04EC0-301F-11D3-BF4B-00C04F79EFBC}") = "Ticari Otomasyon", "Ticari Otomasyon\Ticari Otomasyon.csproj", "{199E8B4F-B4AF-4283-B6D5-7D42570C4C65}"
EndProject
Global
	GlobalSection(SolutionConfigurationPlatforms) = preSolution
		Debug|Any CPU = Debug|Any CPU
		Release|Any CPU = Release|Any CPU
	EndGlobalSection
	GlobalSection(ProjectConfigurationPlatforms) = postSolution
		{199E8B4F-B4AF-4283-B6D5-7D42570C4C65}.Debug|Any CPU.ActiveCfg = Debug|Any CPU
		{199E8B4F-B4AF-4283-B6D5-7D42570C4C65}.Debug|Any CPU.Build.0 = Debug|Any CPU
		{199E8B4F-B4AF-4283-B6D5-7D42570C4C65}.Release|Any CPU.ActiveCfg = Release|Any CPU
		{199E8B4F-B4AF-4283-B6D5-7D42570C4C65}.Release|Any CPU.Build.0 = Release|Any CPU
	EndGlobalSection
	GlobalSection(SolutionProperties) = preSolution
		HideSolutionNode = FALSE
	EndGlobalSection
	GlobalSection(ExtensibilityGlobals) = postSolution
		SolutionGuid = {DD5A298F-8691-4666-935E-4ED057D2C9DF}
	EndGlobalSection
EndGlobal
